
Microsoft Visual Studio Solution File, Format Version 12.00
# Visual Studio Version 17
VisualStudioVersion = 17.5.33516.290
MinimumVisualStudioVersion = 10.0.40219.1
Project("{9A19103F-16F7-4668-BE54-9A1E7A4F7556}") = "OpenIddict.RefreshToken.Example.API1", "OpenIddict.RefreshToken.Example.API1\OpenIddict.RefreshToken.Example.API1.csproj", "{6485B486-8182-41FC-96D1-3647EB243EC6}"
EndProject
Project("{9A19103F-16F7-4668-BE54-9A1E7A4F7556}") = "OpenIddict.RefreshToken.Example.Client1", "OpenIddict.RefreshToken.Example.Client1\OpenIddict.RefreshToken.Example.Client1.csproj", "{D4E86295-4EC8-436E-9730-EFAD8A847D68}"
EndProject
Project("{FAE04EC0-301F-11D3-BF4B-00C04F79EFBC}") = "OpenIddict.RefreshToken.Example.AuthorizationServer", "OpenIddict.RefreshToken.Example.AuthorizationServer\OpenIddict.RefreshToken.Example.AuthorizationServer.csproj", "{696A8969-4089-4104-A2C0-8E55CF6C69EB}"
EndProject
Global
	GlobalSection(SolutionConfigurationPlatforms) = preSolution
		Debug|Any CPU = Debug|Any CPU
		Release|Any CPU = Release|Any CPU
	EndGlobalSection
	GlobalSection(ProjectConfigurationPlatforms) = postSolution
		{6485B486-8182-41FC-96D1-3647EB243EC6}.Debug|Any CPU.ActiveCfg = Debug|Any CPU
		{6485B486-8182-41FC-96D1-3647EB243EC6}.Debug|Any CPU.Build.0 = Debug|Any CPU
		{6485B486-8182-41FC-96D1-3647EB243EC6}.Release|Any CPU.ActiveCfg = Release|Any CPU
		{6485B486-8182-41FC-96D1-3647EB243EC6}.Release|Any CPU.Build.0 = Release|Any CPU
		{D4E86295-4EC8-436E-9730-EFAD8A847D68}.Debug|Any CPU.ActiveCfg = Debug|Any CPU
		{D4E86295-4EC8-436E-9730-EFAD8A847D68}.Debug|Any CPU.Build.0 = Debug|Any CPU
		{D4E86295-4EC8-436E-9730-EFAD8A847D68}.Release|Any CPU.ActiveCfg = Release|Any CPU
		{D4E86295-4EC8-436E-9730-EFAD8A847D68}.Release|Any CPU.Build.0 = Release|Any CPU
		{696A8969-4089-4104-A2C0-8E55CF6C69EB}.Debug|Any CPU.ActiveCfg = Debug|Any CPU
		{696A8969-4089-4104-A2C0-8E55CF6C69EB}.Debug|Any CPU.Build.0 = Debug|Any CPU
		{696A8969-4089-4104-A2C0-8E55CF6C69EB}.Release|Any CPU.ActiveCfg = Release|Any CPU
		{696A8969-4089-4104-A2C0-8E55CF6C69EB}.Release|Any CPU.Build.0 = Release|Any CPU
	EndGlobalSection
	GlobalSection(SolutionProperties) = preSolution
		HideSolutionNode = FALSE
	EndGlobalSection
	GlobalSection(ExtensibilityGlobals) = postSolution
		SolutionGuid = {BFDFC97B-39E9-47A2-AEA7-04148A8FDB2F}
	EndGlobalSection
EndGlobal
